// !$*UTF8*$!
{
	archiveVersion = 1;
	classes = {
	};
	objectVersion = 48;
	objects = {

/* Begin PBXBuildFile section */
		9352A2F92028AC6C00276423 /* AppDelegate.swift in Sources */ = {isa = PBXBuildFile; fileRef = 9352A2F82028AC6C00276423 /* AppDelegate.swift */; };
		9352A2FB2028AC6C00276423 /* MainVC.swift in Sources */ = {isa = PBXBuildFile; fileRef = 9352A2FA2028AC6C00276423 /* MainVC.swift */; };
		9352A2FE2028AC6C00276423 /* Main.storyboard in Resources */ = {isa = PBXBuildFile; fileRef = 9352A2FC2028AC6C00276423 /* Main.storyboard */; };
		9352A3012028AC6C00276423 /* NewNews.xcdatamodeld in Sources */ = {isa = PBXBuildFile; fileRef = 9352A2FF2028AC6C00276423 /* NewNews.xcdatamodeld */; };
		9352A3032028AC6C00276423 /* Assets.xcassets in Resources */ = {isa = PBXBuildFile; fileRef = 9352A3022028AC6C00276423 /* Assets.xcassets */; };
		9352A3062028AC6C00276423 /* LaunchScreen.storyboard in Resources */ = {isa = PBXBuildFile; fileRef = 9352A3042028AC6C00276423 /* LaunchScreen.storyboard */; };
		9396D3FE20294EF100FD2B69 /* Article.swift in Sources */ = {isa = PBXBuildFile; fileRef = 9396D3FD20294EF100FD2B69 /* Article.swift */; };
		93EE382D2028F848003D0293 /* Sources.swift in Sources */ = {isa = PBXBuildFile; fileRef = 93EE382C2028F848003D0293 /* Sources.swift */; };
		93EE383020291D1C003D0293 /* ArticlesVC.swift in Sources */ = {isa = PBXBuildFile; fileRef = 93EE382F20291D1C003D0293 /* ArticlesVC.swift */; };
		93EE383420293BE2003D0293 /* ImageCell.swift in Sources */ = {isa = PBXBuildFile; fileRef = 93EE383320293BE2003D0293 /* ImageCell.swift */; };
		97761F980813CE1EA0E84E1E /* Pods_NewNews.framework in Frameworks */ = {isa = PBXBuildFile; fileRef = 8E423A4F8C72DCE4CED76EDD /* Pods_NewNews.framework */; };
/* End PBXBuildFile section */

/* Begin PBXFileReference section */
		74FBB124200A93A0A5C401AA /* Pods-NewNews.release.xcconfig */ = {isa = PBXFileReference; includeInIndex = 1; lastKnownFileType = text.xcconfig; name = "Pods-NewNews.release.xcconfig"; path = "Pods/Target Support Files/Pods-NewNews/Pods-NewNews.release.xcconfig"; sourceTree = "<group>"; };
		8E423A4F8C72DCE4CED76EDD /* Pods_NewNews.framework */ = {isa = PBXFileReference; explicitFileType = wrapper.framework; includeInIndex = 0; path = Pods_NewNews.framework; sourceTree = BUILT_PRODUCTS_DIR; };
		9352A2F52028AC6C00276423 /* NewNews.app */ = {isa = PBXFileReference; explicitFileType = wrapper.application; includeInIndex = 0; path = NewNews.app; sourceTree = BUILT_PRODUCTS_DIR; };
		9352A2F82028AC6C00276423 /* AppDelegate.swift */ = {isa = PBXFileReference; lastKnownFileType = sourcecode.swift; path = AppDelegate.swift; sourceTree = "<group>"; };
		9352A2FA2028AC6C00276423 /* MainVC.swift */ = {isa = PBXFileReference; lastKnownFileType = sourcecode.swift; path = MainVC.swift; sourceTree = "<group>"; };
		9352A2FD2028AC6C00276423 /* Base */ = {isa = PBXFileReference; lastKnownFileType = file.storyboard; name = Base; path = Base.lproj/Main.storyboard; sourceTree = "<group>"; };
		9352A3002028AC6C00276423 /* NewNews.xcdatamodel */ = {isa = PBXFileReference; lastKnownFileType = wrapper.xcdatamodel; path = NewNews.xcdatamodel; sourceTree = "<group>"; };
		9352A3022028AC6C00276423 /* Assets.xcassets */ = {isa = PBXFileReference; lastKnownFileType = folder.assetcatalog; path = Assets.xcassets; sourceTree = "<group>"; };
		9352A3052028AC6C00276423 /* Base */ = {isa = PBXFileReference; lastKnownFileType = file.storyboard; name = Base; path = Base.lproj/LaunchScreen.storyboard; sourceTree = "<group>"; };
		9352A3072028AC6C00276423 /* Info.plist */ = {isa = PBXFileReference; lastKnownFileType = text.plist.xml; path = Info.plist; sourceTree = "<group>"; };
		9396D3FD20294EF100FD2B69 /* Article.swift */ = {isa = PBXFileReference; lastKnownFileType = sourcecode.swift; path = Article.swift; sourceTree = "<group>"; };
		93EE382C2028F848003D0293 /* Sources.swift */ = {isa = PBXFileReference; lastKnownFileType = sourcecode.swift; name = Sources.swift; path = ../../../../Documents/Sources.swift; sourceTree = "<group>"; };
		93EE382F20291D1C003D0293 /* ArticlesVC.swift */ = {isa = PBXFileReference; lastKnownFileType = sourcecode.swift; name = ArticlesVC.swift; path = ../../../../Documents/ArticlesVC.swift; sourceTree = "<group>"; };
		93EE383320293BE2003D0293 /* ImageCell.swift */ = {isa = PBXFileReference; lastKnownFileType = sourcecode.swift; name = ImageCell.swift; path = ../../../../Documents/ImageCell.swift; sourceTree = "<group>"; };
		E04EA1BB3B7699E0DCDE6C33 /* Pods-NewNews.debug.xcconfig */ = {isa = PBXFileReference; includeInIndex = 1; lastKnownFileType = text.xcconfig; name = "Pods-NewNews.debug.xcconfig"; path = "Pods/Target Support Files/Pods-NewNews/Pods-NewNews.debug.xcconfig"; sourceTree = "<group>"; };
/* End PBXFileReference section */

/* Begin PBXFrameworksBuildPhase section */
		9352A2F22028AC6C00276423 /* Frameworks */ = {
			isa = PBXFrameworksBuildPhase;
			buildActionMask = 2147483647;
			files = (
				97761F980813CE1EA0E84E1E /* Pods_NewNews.framework in Frameworks */,
			);
			runOnlyForDeploymentPostprocessing = 0;
		};
/* End PBXFrameworksBuildPhase section */

/* Begin PBXGroup section */
		9352A2EC2028AC6C00276423 = {
			isa = PBXGroup;
			children = (
				93EE382B2028F839003D0293 /* Model */,
				93EE382E20291CA2003D0293 /* Controller */,
				9352A2F72028AC6C00276423 /* NewNews */,
				9352A2F62028AC6C00276423 /* Products */,
				CB78C812FBB2F7DC968FA069 /* Pods */,
				F39A68CB709A835FE54AFB7F /* Frameworks */,
			);
			sourceTree = "<group>";
		};
		9352A2F62028AC6C00276423 /* Products */ = {
			isa = PBXGroup;
			children = (
				9352A2F52028AC6C00276423 /* NewNews.app */,
			);
			name = Products;
			sourceTree = "<group>";
		};
		9352A2F72028AC6C00276423 /* NewNews */ = {
			isa = PBXGroup;
			children = (
				9352A2F82028AC6C00276423 /* AppDelegate.swift */,
				9352A2FC2028AC6C00276423 /* Main.storyboard */,
				9352A3022028AC6C00276423 /* Assets.xcassets */,
				9352A3042028AC6C00276423 /* LaunchScreen.storyboard */,
				9352A3072028AC6C00276423 /* Info.plist */,
				9352A2FF2028AC6C00276423 /* NewNews.xcdatamodeld */,
			);
			path = NewNews;
			sourceTree = "<group>";
		};
		93EE382B2028F839003D0293 /* Model */ = {
			isa = PBXGroup;
			children = (
				93EE382C2028F848003D0293 /* Sources.swift */,
				93EE383320293BE2003D0293 /* ImageCell.swift */,
				9396D3FD20294EF100FD2B69 /* Article.swift */,
			);
			path = Model;
			sourceTree = "<group>";
		};
		93EE382E20291CA2003D0293 /* Controller */ = {
			isa = PBXGroup;
			children = (
				9352A2FA2028AC6C00276423 /* MainVC.swift */,
				93EE382F20291D1C003D0293 /* ArticlesVC.swift */,
			);
			path = Controller;
			sourceTree = "<group>";
		};
		CB78C812FBB2F7DC968FA069 /* Pods */ = {
			isa = PBXGroup;
			children = (
				E04EA1BB3B7699E0DCDE6C33 /* Pods-NewNews.debug.xcconfig */,
				74FBB124200A93A0A5C401AA /* Pods-NewNews.release.xcconfig */,
			);
			name = Pods;
			sourceTree = "<group>";
		};
		F39A68CB709A835FE54AFB7F /* Frameworks */ = {
			isa = PBXGroup;
			children = (
				8E423A4F8C72DCE4CED76EDD /* Pods_NewNews.framework */,
			);
			name = Frameworks;
			sourceTree = "<group>";
		};
/* End PBXGroup section */

/* Begin PBXNativeTarget section */
		9352A2F42028AC6C00276423 /* NewNews */ = {
			isa = PBXNativeTarget;
			buildConfigurationList = 9352A30A2028AC6C00276423 /* Build configuration list for PBXNativeTarget "NewNews" */;
			buildPhases = (
				77FE4A9B10FBA41F4EC939A7 /* [CP] Check Pods Manifest.lock */,
				9352A2F12028AC6C00276423 /* Sources */,
				9352A2F22028AC6C00276423 /* Frameworks */,
				9352A2F32028AC6C00276423 /* Resources */,
				72F4B44F29CF25428BBF3500 /* [CP] Embed Pods Frameworks */,
				1A5C9815D5D693BD4EADEBDF /* [CP] Copy Pods Resources */,
			);
			buildRules = (
			);
			dependencies = (
			);
			name = NewNews;
			productName = NewNews;
			productReference = 9352A2F52028AC6C00276423 /* NewNews.app */;
			productType = "com.apple.product-type.application";
		};
/* End PBXNativeTarget section */

/* Begin PBXProject section */
		9352A2ED2028AC6C00276423 /* Project object */ = {
			isa = PBXProject;
			attributes = {
				LastSwiftUpdateCheck = 0920;
				LastUpgradeCheck = 0920;
				ORGANIZATIONNAME = "Roman Rudavskiy";
				TargetAttributes = {
					9352A2F42028AC6C00276423 = {
						CreatedOnToolsVersion = 9.2;
						ProvisioningStyle = Automatic;
					};
				};
			};
			buildConfigurationList = 9352A2F02028AC6C00276423 /* Build configuration list for PBXProject "NewNews" */;
			compatibilityVersion = "Xcode 8.0";
			developmentRegion = en;
			hasScannedForEncodings = 0;
			knownRegions = (
				en,
				Base,
			);
			mainGroup = 9352A2EC2028AC6C00276423;
			productRefGroup = 9352A2F62028AC6C00276423 /* Products */;
			projectDirPath = "";
			projectRoot = "";
			targets = (
				9352A2F42028AC6C00276423 /* NewNews */,
			);
		};
/* End PBXProject section */

/* Begin PBXResourcesBuildPhase section */
		9352A2F32028AC6C00276423 /* Resources */ = {
			isa = PBXResourcesBuildPhase;
			buildActionMask = 2147483647;
			files = (
				9352A3062028AC6C00276423 /* LaunchScreen.storyboard in Resources */,
				9352A3032028AC6C00276423 /* Assets.xcassets in Resources */,
				9352A2FE2028AC6C00276423 /* Main.storyboard in Resources */,
			);
			runOnlyForDeploymentPostprocessing = 0;
		};
/* End PBXResourcesBuildPhase section */

/* Begin PBXShellScriptBuildPhase section */
		1A5C9815D5D693BD4EADEBDF /* [CP] Copy Pods Resources */ = {
			isa = PBXShellScriptBuildPhase;
			buildActionMask = 2147483647;
			files = (
			);
			inputPaths = (
			);
			name = "[CP] Copy Pods Resources";
			outputPaths = (
			);
			runOnlyForDeploymentPostprocessing = 0;
			shellPath = /bin/sh;
			shellScript = "\"${SRCROOT}/Pods/Target Support Files/Pods-NewNews/Pods-NewNews-resources.sh\"\n";
			showEnvVarsInLog = 0;
		};
		72F4B44F29CF25428BBF3500 /* [CP] Embed Pods Frameworks */ = {
			isa = PBXShellScriptBuildPhase;
			buildActionMask = 2147483647;
			files = (
			);
			inputPaths = (
				"${SRCROOT}/Pods/Target Support Files/Pods-NewNews/Pods-NewNews-frameworks.sh",
				"${BUILT_PRODUCTS_DIR}/Kingfisher/Kingfisher.framework",
			);
			name = "[CP] Embed Pods Frameworks";
			outputPaths = (
				"${TARGET_BUILD_DIR}/${FRAMEWORKS_FOLDER_PATH}/Kingfisher.framework",
			);
			runOnlyForDeploymentPostprocessing = 0;
			shellPath = /bin/sh;
			shellScript = "\"${SRCROOT}/Pods/Target Support Files/Pods-NewNews/Pods-NewNews-frameworks.sh\"\n";
			showEnvVarsInLog = 0;
		};
		77FE4A9B10FBA41F4EC939A7 /* [CP] Check Pods Manifest.lock */ = {
			isa = PBXShellScriptBuildPhase;
			buildActionMask = 2147483647;
			files = (
			);
			inputPaths = (
				"${PODS_PODFILE_DIR_PATH}/Podfile.lock",
				"${PODS_ROOT}/Manifest.lock",
			);
			name = "[CP] Check Pods Manifest.lock";
			outputPaths = (
				"$(DERIVED_FILE_DIR)/Pods-NewNews-checkManifestLockResult.txt",
			);
			runOnlyForDeploymentPostprocessing = 0;
			shellPath = /bin/sh;
			shellScript = "diff \"${PODS_PODFILE_DIR_PATH}/Podfile.lock\" \"${PODS_ROOT}/Manifest.lock\" > /dev/null\nif [ $? != 0 ] ; then\n    # print error to STDERR\n    echo \"error: The sandbox is not in sync with the Podfile.lock. Run 'pod install' or update your CocoaPods installation.\" >&2\n    exit 1\nfi\n# This output is used by Xcode 'outputs' to avoid re-running this script phase.\necho \"SUCCESS\" > \"${SCRIPT_OUTPUT_FILE_0}\"\n";
			showEnvVarsInLog = 0;
		};
/* End PBXShellScriptBuildPhase section */

/* Begin PBXSourcesBuildPhase section */
		9352A2F12028AC6C00276423 /* Sources */ = {
			isa = PBXSourcesBuildPhase;
			buildActionMask = 2147483647;
			files = (
				93EE382D2028F848003D0293 /* Sources.swift in Sources */,
				9352A3012028AC6C00276423 /* NewNews.xcdatamodeld in Sources */,
				9352A2FB2028AC6C00276423 /* MainVC.swift in Sources */,
				9396D3FE20294EF100FD2B69 /* Article.swift in Sources */,
				93EE383020291D1C003D0293 /* ArticlesVC.swift in Sources */,
				9352A2F92028AC6C00276423 /* AppDelegate.swift in Sources */,
				93EE383420293BE2003D0293 /* ImageCell.swift in Sources */,
			);
			runOnlyForDeploymentPostprocessing = 0;
		};
/* End PBXSourcesBuildPhase section */

/* Begin PBXVariantGroup section */
		9352A2FC2028AC6C00276423 /* Main.storyboard */ = {
			isa = PBXVariantGroup;
			children = (
				9352A2FD2028AC6C00276423 /* Base */,
			);
			name = Main.storyboard;
			sourceTree = "<group>";
		};
		9352A3042028AC6C00276423 /* LaunchScreen.storyboard */ = {
			isa = PBXVariantGroup;
			children = (
				9352A3052028AC6C00276423 /* Base */,
			);
			name = LaunchScreen.storyboard;
			sourceTree = "<group>";
		};
/* End PBXVariantGroup section */

/* Begin XCBuildConfiguration section */
		9352A3082028AC6C00276423 /* Debug */ = {
			isa = XCBuildConfiguration;
			buildSettings = {
				ALWAYS_SEARCH_USER_PATHS = NO;
				CLANG_ANALYZER_NONNULL = YES;
				CLANG_ANALYZER_NUMBER_OBJECT_CONVERSION = YES_AGGRESSIVE;
				CLANG_CXX_LANGUAGE_STANDARD = "gnu++14";
				CLANG_CXX_LIBRARY = "libc++";
				CLANG_ENABLE_MODULES = YES;
				CLANG_ENABLE_OBJC_ARC = YES;
				CLANG_WARN_BLOCK_CAPTURE_AUTORELEASING = YES;
				CLANG_WARN_BOOL_CONVERSION = YES;
				CLANG_WARN_COMMA = YES;
				CLANG_WARN_CONSTANT_CONVERSION = YES;
				CLANG_WARN_DIRECT_OBJC_ISA_USAGE = YES_ERROR;
				CLANG_WARN_DOCUMENTATION_COMMENTS = YES;
				CLANG_WARN_EMPTY_BODY = YES;
				CLANG_WARN_ENUM_CONVERSION = YES;
				CLANG_WARN_INFINITE_RECURSION = YES;
				CLANG_WARN_INT_CONVERSION = YES;
				CLANG_WARN_NON_LITERAL_NULL_CONVERSION = YES;
				CLANG_WARN_OBJC_LITERAL_CONVERSION = YES;
				CLANG_WARN_OBJC_ROOT_CLASS = YES_ERROR;
				CLANG_WARN_RANGE_LOOP_ANALYSIS = YES;
				CLANG_WARN_STRICT_PROTOTYPES = YES;
				CLANG_WARN_SUSPICIOUS_MOVE = YES;
				CLANG_WARN_UNGUARDED_AVAILABILITY = YES_AGGRESSIVE;
				CLANG_WARN_UNREACHABLE_CODE = YES;
				CLANG_WARN__DUPLICATE_METHOD_MATCH = YES;
				CODE_SIGN_IDENTITY = "iPhone Developer";
				COPY_PHASE_STRIP = NO;
				DEBUG_INFORMATION_FORMAT = dwarf;
				ENABLE_STRICT_OBJC_MSGSEND = YES;
				ENABLE_TESTABILITY = YES;
				GCC_C_LANGUAGE_STANDARD = gnu11;
				GCC_DYNAMIC_NO_PIC = NO;
				GCC_NO_COMMON_BLOCKS = YES;
				GCC_OPTIMIZATION_LEVEL = 0;
				GCC_PREPROCESSOR_DEFINITIONS = (
					"DEBUG=1",
					"$(inherited)",
				);
				GCC_WARN_64_TO_32_BIT_CONVERSION = YES;
				GCC_WARN_ABOUT_RETURN_TYPE = YES_ERROR;
				GCC_WARN_UNDECLARED_SELECTOR = YES;
				GCC_WARN_UNINITIALIZED_AUTOS = YES_AGGRESSIVE;
				GCC_WARN_UNUSED_FUNCTION = YES;
				GCC_WARN_UNUSED_VARIABLE = YES;
				IPHONEOS_DEPLOYMENT_TARGET = 11.2;
				MTL_ENABLE_DEBUG_INFO = YES;
				ONLY_ACTIVE_ARCH = YES;
				SDKROOT = iphoneos;
				SWIFT_ACTIVE_COMPILATION_CONDITIONS = DEBUG;
				SWIFT_OPTIMIZATION_LEVEL = "-Onone";
			};
			name = Debug;
		};
		9352A3092028AC6C00276423 /* Release */ = {
			isa = XCBuildConfiguration;
			buildSettings = {
				ALWAYS_SEARCH_USER_PATHS = NO;
				CLANG_ANALYZER_NONNULL = YES;
				CLANG_ANALYZER_NUMBER_OBJECT_CONVERSION = YES_AGGRESSIVE;
				CLANG_CXX_LANGUAGE_STANDARD = "gnu++14";
				CLANG_CXX_LIBRARY = "libc++";
				CLANG_ENABLE_MODULES = YES;
				CLANG_ENABLE_OBJC_ARC = YES;
				CLANG_WARN_BLOCK_CAPTURE_AUTORELEASING = YES;
				CLANG_WARN_BOOL_CONVERSION = YES;
				CLANG_WARN_COMMA = YES;
				CLANG_WARN_CONSTANT_CONVERSION = YES;
				CLANG_WARN_DIRECT_OBJC_ISA_USAGE = YES_ERROR;
				CLANG_WARN_DOCUMENTATION_COMMENTS = YES;
				CLANG_WARN_EMPTY_BODY = YES;
				CLANG_WARN_ENUM_CONVERSION = YES;
				CLANG_WARN_INFINITE_RECURSION = YES;
				CLANG_WARN_INT_CONVERSION = YES;
				CLANG_WARN_NON_LITERAL_NULL_CONVERSION = YES;
				CLANG_WARN_OBJC_LITERAL_CONVERSION = YES;
				CLANG_WARN_OBJC_ROOT_CLASS = YES_ERROR;
				CLANG_WARN_RANGE_LOOP_ANALYSIS = YES;
				CLANG_WARN_STRICT_PROTOTYPES = YES;
				CLANG_WARN_SUSPICIOUS_MOVE = YES;
				CLANG_WARN_UNGUARDED_AVAILABILITY = YES_AGGRESSIVE;
				CLANG_WARN_UNREACHABLE_CODE = YES;
				CLANG_WARN__DUPLICATE_METHOD_MATCH = YES;
				CODE_SIGN_IDENTITY = "iPhone Developer";
				COPY_PHASE_STRIP = NO;
				DEBUG_INFORMATION_FORMAT = "dwarf-with-dsym";
				ENABLE_NS_ASSERTIONS = NO;
				ENABLE_STRICT_OBJC_MSGSEND = YES;
				GCC_C_LANGUAGE_STANDARD = gnu11;
				GCC_NO_COMMON_BLOCKS = YES;
				GCC_WARN_64_TO_32_BIT_CONVERSION = YES;
				GCC_WARN_ABOUT_RETURN_TYPE = YES_ERROR;
				GCC_WARN_UNDECLARED_SELECTOR = YES;
				GCC_WARN_UNINITIALIZED_AUTOS = YES_AGGRESSIVE;
				GCC_WARN_UNUSED_FUNCTION = YES;
				GCC_WARN_UNUSED_VARIABLE = YES;
				IPHONEOS_DEPLOYMENT_TARGET = 11.2;
				MTL_ENABLE_DEBUG_INFO = NO;
				SDKROOT = iphoneos;
				SWIFT_OPTIMIZATION_LEVEL = "-Owholemodule";
				VALIDATE_PRODUCT = YES;
			};
			name = Release;
		};
		9352A30B2028AC6C00276423 /* Debug */ = {
			isa = XCBuildConfiguration;
			baseConfigurationReference = E04EA1BB3B7699E0DCDE6C33 /* Pods-NewNews.debug.xcconfig */;
			buildSettings = {
				ASSETCATALOG_COMPILER_APPICON_NAME = AppIcon;
				CODE_SIGN_STYLE = Automatic;
				DEVELOPMENT_TEAM = 2THR9E8H8D;
				INFOPLIST_FILE = NewNews/Info.plist;
				LD_RUNPATH_SEARCH_PATHS = "$(inherited) @executable_path/Frameworks";
				PRODUCT_BUNDLE_IDENTIFIER = roman.rudavskiy.NewNews;
				PRODUCT_NAME = "$(TARGET_NAME)";
				SWIFT_VERSION = 4.0;
				TARGETED_DEVICE_FAMILY = 1;
			};
			name = Debug;
		};
		9352A30C2028AC6C00276423 /* Release */ = {
			isa = XCBuildConfiguration;
			baseConfigurationReference = 74FBB124200A93A0A5C401AA /* Pods-NewNews.release.xcconfig */;
			buildSettings = {
				ASSETCATALOG_COMPILER_APPICON_NAME = AppIcon;
				CODE_SIGN_STYLE = Automatic;
				DEVELOPMENT_TEAM = 2THR9E8H8D;
				INFOPLIST_FILE = NewNews/Info.plist;
				LD_RUNPATH_SEARCH_PATHS = "$(inherited) @executable_path/Frameworks";
				PRODUCT_BUNDLE_IDENTIFIER = roman.rudavskiy.NewNews;
				PRODUCT_NAME = "$(TARGET_NAME)";
				SWIFT_VERSION = 4.0;
				TARGETED_DEVICE_FAMILY = 1;
			};
			name = Release;
		};
/* End XCBuildConfiguration section */

/* Begin XCConfigurationList section */
		9352A2F02028AC6C00276423 /* Build configuration list for PBXProject "NewNews" */ = {
			isa = XCConfigurationList;
			buildConfigurations = (
				9352A3082028AC6C00276423 /* Debug */,
				9352A3092028AC6C00276423 /* Release */,
			);
			defaultConfigurationIsVisible = 0;
			defaultConfigurationName = Release;
		};
		9352A30A2028AC6C00276423 /* Build configuration list for PBXNativeTarget "NewNews" */ = {
			isa = XCConfigurationList;
			buildConfigurations = (
				9352A30B2028AC6C00276423 /* Debug */,
				9352A30C2028AC6C00276423 /* Release */,
			);
			defaultConfigurationIsVisible = 0;
			defaultConfigurationName = Release;
		};
/* End XCConfigurationList section */

/* Begin XCVersionGroup section */
		9352A2FF2028AC6C00276423 /* NewNews.xcdatamodeld */ = {
			isa = XCVersionGroup;
			children = (
				9352A3002028AC6C00276423 /* NewNews.xcdatamodel */,
			);
			currentVersion = 9352A3002028AC6C00276423 /* NewNews.xcdatamodel */;
			path = NewNews.xcdatamodeld;
			sourceTree = "<group>";
			versionGroupType = wrapper.xcdatamodel;
		};
/* End XCVersionGroup section */
	};
	rootObject = 9352A2ED2028AC6C00276423 /* Project object */;
}
